
Microsoft Visual Studio Solution File, Format Version 12.00
# Visual Studio Version 16
VisualStudioVersion = 16.0.33529.622
MinimumVisualStudioVersion = 10.0.40219.1
Project("{9A19103F-16F7-4668-BE54-9A1E7A4F7556}") = "WorldCities", "WorldCities\WorldCities.csproj", "{0EB9B7F8-D8EB-43F4-B288-033D2E045799}"
EndProject
Project("{9A19103F-16F7-4668-BE54-9A1E7A4F7556}") = "WorldCities.Tests", "WorldCities.Tests\WorldCities.Tests.csproj", "{99705017-A223-448B-87F1-E595147CE413}"
EndProject
Global
	GlobalSection(SolutionConfigurationPlatforms) = preSolution
		Debug|Any CPU = Debug|Any CPU
		Release|Any CPU = Release|Any CPU
	EndGlobalSection
	GlobalSection(ProjectConfigurationPlatforms) = postSolution
		{0EB9B7F8-D8EB-43F4-B288-033D2E045799}.Debug|Any CPU.ActiveCfg = Debug|Any CPU
		{0EB9B7F8-D8EB-43F4-B288-033D2E045799}.Debug|Any CPU.Build.0 = Debug|Any CPU
		{0EB9B7F8-D8EB-43F4-B288-033D2E045799}.Release|Any CPU.ActiveCfg = Release|Any CPU
		{0EB9B7F8-D8EB-43F4-B288-033D2E045799}.Release|Any CPU.Build.0 = Release|Any CPU
		{99705017-A223-448B-87F1-E595147CE413}.Debug|Any CPU.ActiveCfg = Debug|Any CPU
		{99705017-A223-448B-87F1-E595147CE413}.Debug|Any CPU.Build.0 = Debug|Any CPU
		{99705017-A223-448B-87F1-E595147CE413}.Release|Any CPU.ActiveCfg = Release|Any CPU
		{99705017-A223-448B-87F1-E595147CE413}.Release|Any CPU.Build.0 = Release|Any CPU
	EndGlobalSection
	GlobalSection(SolutionProperties) = preSolution
		HideSolutionNode = FALSE
	EndGlobalSection
	GlobalSection(ExtensibilityGlobals) = postSolution
		SolutionGuid = {20F9D39C-C21F-4BDB-9574-9E05C3863E64}
	EndGlobalSection
EndGlobal
