
Microsoft Visual Studio Solution File, Format Version 12.00
# Visual Studio Version 16
VisualStudioVersion = 16.0.33529.622
MinimumVisualStudioVersion = 10.0.40219.1
Project("{9A19103F-16F7-4668-BE54-9A1E7A4F7556}") = "AuthSample", "AuthSample.csproj", "{7EF88571-58CA-48E9-9B59-AD3FCD70375C}"
EndProject
Global
	GlobalSection(SolutionConfigurationPlatforms) = preSolution
		Debug|Any CPU = Debug|Any CPU
		Release|Any CPU = Release|Any CPU
	EndGlobalSection
	GlobalSection(ProjectConfigurationPlatforms) = postSolution
		{7EF88571-58CA-48E9-9B59-AD3FCD70375C}.Debug|Any CPU.ActiveCfg = Debug|Any CPU
		{7EF88571-58CA-48E9-9B59-AD3FCD70375C}.Debug|Any CPU.Build.0 = Debug|Any CPU
		{7EF88571-58CA-48E9-9B59-AD3FCD70375C}.Release|Any CPU.ActiveCfg = Release|Any CPU
		{7EF88571-58CA-48E9-9B59-AD3FCD70375C}.Release|Any CPU.Build.0 = Release|Any CPU
	EndGlobalSection
	GlobalSection(SolutionProperties) = preSolution
		HideSolutionNode = FALSE
	EndGlobalSection
	GlobalSection(ExtensibilityGlobals) = postSolution
		SolutionGuid = {F01D55F5-7ACC-4AE8-98B1-6DD77D7B342E}
	EndGlobalSection
EndGlobal
